schema: '2.0'
stages:
  data_collection:
    cmd: python src/data_collection.py
    deps:
    - path: src/data_collection.py
      hash: md5
      md5: 384e3100e0cf6163083133d9bcb053d5
      size: 1842
    params:
      params.yaml:
        data_collection.test_size: 0.2
    outs:
    - path: data/raw
      hash: md5
      md5: 68f59259c0761f1ea2e7f82404baf76c.dir
      size: 522262
      nfiles: 2
  pre_processing:
    cmd: python src/data_preparation.py
    deps:
    - path: data/raw
      hash: md5
      md5: 68f59259c0761f1ea2e7f82404baf76c.dir
      size: 522262
      nfiles: 2
    - path: src/data_preparation.py
      hash: md5
      md5: ee42b50940ba2d56d9e6bb392f30022e
      size: 1695
    outs:
    - path: data/processed
      hash: md5
      md5: bd8840d69e3aac8bae5687a7958ab74c.dir
      size: 546264
      nfiles: 2
  model_building:
    cmd: python src/model_building.py
    deps:
    - path: data/processed
      hash: md5
      md5: bd8840d69e3aac8bae5687a7958ab74c.dir
      size: 546264
      nfiles: 2
    - path: src/model_building.py
      hash: md5
      md5: 9d637d26f56585f7c907156cf4cbc003
      size: 2180
    params:
      params.yaml:
        model_building.n_estimators: 1000
    outs:
    - path: model.pkl
      hash: md5
      md5: 5bc6824ccc03cb662061c0f6a9f88318
      size: 72137339
  model_evaluation:
    cmd: python src/model_evaluation.py
    deps:
    - path: model.pkl
      hash: md5
      md5: 5bc6824ccc03cb662061c0f6a9f88318
      size: 72137339
    - path: src/model_evaluation.py
      hash: md5
      md5: 0e94cdda7bab4675b4c19e9514798599
      size: 2443
    outs:
    - path: metrics.json
      hash: md5
      md5: 52a1fa7f49e243517bd4499d260958e0
      size: 155
