schema: '2.0'
stages:
  data_collection:
    cmd: python src/data/data_collection.py
    deps:
    - path: src/data/data_collection.py
      hash: md5
      md5: 384e3100e0cf6163083133d9bcb053d5
      size: 1842
    params:
      params.yaml:
        data_collection.test_size: 0.3
    outs:
    - path: data/raw
      hash: md5
      md5: 3e4b40a167204c32e7f637e3d4de8a04.dir
      size: 522262
      nfiles: 2
  data_preparation:
    cmd: python src/data/data_preparation.py
    deps:
    - path: data/raw
      hash: md5
      md5: 3e4b40a167204c32e7f637e3d4de8a04.dir
      size: 522262
      nfiles: 2
    - path: src/data/data_preparation.py
      hash: md5
      md5: 892ba04a27cb4393be35dab1b0d0b4b6
      size: 2023
    outs:
    - path: data/processed
      hash: md5
      md5: 72cfa32e34532ef02e304c30d31e2ccc.dir
      size: 546265
      nfiles: 2
  model_building:
    cmd: python src/model/model_building.py
    deps:
    - path: data/processed
      hash: md5
      md5: 72cfa32e34532ef02e304c30d31e2ccc.dir
      size: 546265
      nfiles: 2
    - path: src/model/model_building.py
      hash: md5
      md5: e7bfc0fd7c1f3b10116abec535ffa1cd
      size: 2194
    params:
      params.yaml:
        model_building.n_estimators: 500
    outs:
    - path: models/model.pkl
      hash: md5
      md5: 1aa0ce39d9d1b1a6be9940f3bd126610
      size: 32177209
  model_evaluation:
    cmd: python src/model/model_evaluation.py
    deps:
    - path: models/model.pkl
      hash: md5
      md5: 1aa0ce39d9d1b1a6be9940f3bd126610
      size: 32177209
    - path: src/model/model_evaluation.py
      hash: md5
      md5: f88cc94f7fde91e418a67e8df25fd105
      size: 3010
    outs:
    - path: reports/metrics.json
      hash: md5
      md5: 657ac969358845334a710c4a004cc154
      size: 152
